<?xml version="1.0" encoding="utf-8"?>
<Project ToolsVersion="4.0" xmlns="http://schemas.microsoft.com/developer/msbuild/2003">
  <ItemGroup>
    <Filter Include="build-HLSL">
      <UniqueIdentifier>{704c5840-f122-4947-b73f-13e109ba7880}</UniqueIdentifier>
    </Filter>
    <Filter Include="shaders">
      <UniqueIdentifier>{e979dc1c-d53c-4a18-8610-ba1f9e39bfbd}</UniqueIdentifier>
    </Filter>
    <Filter Include="shaders\dxil">
      <UniqueIdentifier>{53abac6b-a09f-42dd-92a1-63da6f2b379e}</UniqueIdentifier>
    </Filter>
  </ItemGroup>
  <ItemGroup>
    <None Include="..\shaders\dxil\imgui_fragment.inl">
      <Filter>shaders\dxil</Filter>
    </None>
    <None Include="..\shaders\dxil\imgui_vertex.inl">
      <Filter>shaders\dxil</Filter>
    </None>
    <None Include="..\shaders\imgui_fragment.sl">
      <Filter>shaders</Filter>
    </None>
    <None Include="..\shaders\imgui_pipeline_resource_binding.sli">
      <Filter>shaders</Filter>
    </None>
    <None Include="..\shaders\imgui_vertex.sl">
      <Filter>shaders</Filter>
    </None>
    <None Include="..\build-HLSL\HLSL.mk">
      <Filter>build-HLSL</Filter>
    </None>
  </ItemGroup>
</Project>